
Microsoft Visual Studio Solution File, Format Version 12.00
# Visual Studio Version 17
VisualStudioVersion = 17.7.33711.374
MinimumVisualStudioVersion = 10.0.40219.1
Project("{9A19103F-16F7-4668-BE54-9A1E7A4F7556}") = "IntBindingPreviewIssue", "IntBindingPreviewIssue\IntBindingPreviewIssue.csproj", "{DC05623C-88C0-41E0-83D2-44FC2FA5F2E3}"
EndProject
Project("{9A19103F-16F7-4668-BE54-9A1E7A4F7556}") = "IntBindingPreviewIssue.Desktop", "IntBindingPreviewIssue.Desktop\IntBindingPreviewIssue.Desktop.csproj", "{37D02B94-CAD7-4F40-8514-BED2ED6A87CD}"
EndProject
Global
	GlobalSection(SolutionConfigurationPlatforms) = preSolution
		Debug|Any CPU = Debug|Any CPU
		Release|Any CPU = Release|Any CPU
	EndGlobalSection
	GlobalSection(ProjectConfigurationPlatforms) = postSolution
		{DC05623C-88C0-41E0-83D2-44FC2FA5F2E3}.Debug|Any CPU.ActiveCfg = Debug|Any CPU
		{DC05623C-88C0-41E0-83D2-44FC2FA5F2E3}.Debug|Any CPU.Build.0 = Debug|Any CPU
		{DC05623C-88C0-41E0-83D2-44FC2FA5F2E3}.Release|Any CPU.ActiveCfg = Release|Any CPU
		{DC05623C-88C0-41E0-83D2-44FC2FA5F2E3}.Release|Any CPU.Build.0 = Release|Any CPU
		{37D02B94-CAD7-4F40-8514-BED2ED6A87CD}.Debug|Any CPU.ActiveCfg = Debug|Any CPU
		{37D02B94-CAD7-4F40-8514-BED2ED6A87CD}.Debug|Any CPU.Build.0 = Debug|Any CPU
		{37D02B94-CAD7-4F40-8514-BED2ED6A87CD}.Release|Any CPU.ActiveCfg = Release|Any CPU
		{37D02B94-CAD7-4F40-8514-BED2ED6A87CD}.Release|Any CPU.Build.0 = Release|Any CPU
	EndGlobalSection
	GlobalSection(SolutionProperties) = preSolution
		HideSolutionNode = FALSE
	EndGlobalSection
	GlobalSection(ExtensibilityGlobals) = postSolution
		SolutionGuid = {A6AA386C-BA04-475F-9051-DAD4A4B26487}
	EndGlobalSection
EndGlobal
